// !$*UTF8*$!
{
	archiveVersion = 1;
	classes = {
	};
	objectVersion = 56;
	objects = {

/* Begin PBXBuildFile section */
		B318737628B8AD340094770A /* SignUpClient.swift in Sources */ = {isa = PBXBuildFile; fileRef = B318737528B8AD340094770A /* SignUpClient.swift */; };
		B344061628C22DE900D116B2 /* SwiftUINavigation in Frameworks */ = {isa = PBXBuildFile; productRef = B344061528C22DE900D116B2 /* SwiftUINavigation */; };
		B3E10C2828B1454300E60AA3 /* OrganisationMembersState.swift in Sources */ = {isa = PBXBuildFile; fileRef = B3E10C2728B1454300E60AA3 /* OrganisationMembersState.swift */; };
		B3E10C2A28B1454F00E60AA3 /* OrganisationMembersAction.swift in Sources */ = {isa = PBXBuildFile; fileRef = B3E10C2928B1454F00E60AA3 /* OrganisationMembersAction.swift */; };
		B3E10C2C28B1456600E60AA3 /* OrganisationMembersReducer.swift in Sources */ = {isa = PBXBuildFile; fileRef = B3E10C2B28B1456600E60AA3 /* OrganisationMembersReducer.swift */; };
		B3E10C2E28B1457A00E60AA3 /* OrganisationMembersEnvironment.swift in Sources */ = {isa = PBXBuildFile; fileRef = B3E10C2D28B1457A00E60AA3 /* OrganisationMembersEnvironment.swift */; };
		B3E10C3028B21BE900E60AA3 /* OrganisationMembersView.swift in Sources */ = {isa = PBXBuildFile; fileRef = B3E10C2F28B21BE900E60AA3 /* OrganisationMembersView.swift */; };
		B3E10C3228B35D5600E60AA3 /* UserPublicDetails.swift in Sources */ = {isa = PBXBuildFile; fileRef = B3E10C3128B35D5600E60AA3 /* UserPublicDetails.swift */; };
		B3E2974D28C23A0400DED656 /* ComposableArchitecture in Frameworks */ = {isa = PBXBuildFile; productRef = B3E2974C28C23A0400DED656 /* ComposableArchitecture */; };
		B3E2974F28C241B900DED656 /* Error+Extensions.swift in Sources */ = {isa = PBXBuildFile; fileRef = B3E2974E28C241B900DED656 /* Error+Extensions.swift */; };
		B3E2975128C36D0D00DED656 /* LoginClient.swift in Sources */ = {isa = PBXBuildFile; fileRef = B3E2975028C36D0D00DED656 /* LoginClient.swift */; };
		B3F8E83A28AED2110084CD1B /* SettingsState.swift in Sources */ = {isa = PBXBuildFile; fileRef = B3F8E83928AED2110084CD1B /* SettingsState.swift */; };
		B3F8E83C28AED2180084CD1B /* SettingsAction.swift in Sources */ = {isa = PBXBuildFile; fileRef = B3F8E83B28AED2180084CD1B /* SettingsAction.swift */; };
		B3F8E83E28AED2230084CD1B /* SettingsEnvironment.swift in Sources */ = {isa = PBXBuildFile; fileRef = B3F8E83D28AED2230084CD1B /* SettingsEnvironment.swift */; };
		B3F8E84028AED22E0084CD1B /* SettingsReducer.swift in Sources */ = {isa = PBXBuildFile; fileRef = B3F8E83F28AED22E0084CD1B /* SettingsReducer.swift */; };
		C30A37FA2869CF4F0003FB4A /* AppeekApp.swift in Sources */ = {isa = PBXBuildFile; fileRef = C30A37F92869CF4F0003FB4A /* AppeekApp.swift */; };
		C30A37FE2869CF500003FB4A /* Assets.xcassets in Resources */ = {isa = PBXBuildFile; fileRef = C30A37FD2869CF500003FB4A /* Assets.xcassets */; };
		C30A38012869CF500003FB4A /* Preview Assets.xcassets in Resources */ = {isa = PBXBuildFile; fileRef = C30A38002869CF500003FB4A /* Preview Assets.xcassets */; };
		C30A380B2869CF500003FB4A /* AppeekTests.swift in Sources */ = {isa = PBXBuildFile; fileRef = C30A380A2869CF500003FB4A /* AppeekTests.swift */; };
		C30A38152869CF500003FB4A /* AppeekUITests.swift in Sources */ = {isa = PBXBuildFile; fileRef = C30A38142869CF500003FB4A /* AppeekUITests.swift */; };
		C30A38172869CF500003FB4A /* AppeekUITestsLaunchTests.swift in Sources */ = {isa = PBXBuildFile; fileRef = C30A38162869CF500003FB4A /* AppeekUITestsLaunchTests.swift */; };
		C34A51B72873489000B5ECE4 /* AppeekPicker.swift in Sources */ = {isa = PBXBuildFile; fileRef = C34A51B62873489000B5ECE4 /* AppeekPicker.swift */; };
		C34A51B92874B0C900B5ECE4 /* Popup.swift in Sources */ = {isa = PBXBuildFile; fileRef = C34A51B82874B0C900B5ECE4 /* Popup.swift */; };
		C36DED75286DC6AA0054F1AB /* SettingsView.swift in Sources */ = {isa = PBXBuildFile; fileRef = C36DED74286DC6AA0054F1AB /* SettingsView.swift */; };
		C36DED78286DC7B80054F1AB /* SettingsViewModel.swift in Sources */ = {isa = PBXBuildFile; fileRef = C36DED77286DC7B80054F1AB /* SettingsViewModel.swift */; };
		C37E17E7286DD792003689CB /* LoginView.swift in Sources */ = {isa = PBXBuildFile; fileRef = C37E17E6286DD792003689CB /* LoginView.swift */; };
		C38627B328A2F9E3000E0591 /* HomeState.swift in Sources */ = {isa = PBXBuildFile; fileRef = C38627B228A2F9E3000E0591 /* HomeState.swift */; };
		C38627B528A2F9F4000E0591 /* HomeAction.swift in Sources */ = {isa = PBXBuildFile; fileRef = C38627B428A2F9F4000E0591 /* HomeAction.swift */; };
		C38627B728A2FA02000E0591 /* HomeEnvironment.swift in Sources */ = {isa = PBXBuildFile; fileRef = C38627B628A2FA02000E0591 /* HomeEnvironment.swift */; };
		C38627B928A2FA0F000E0591 /* HomeReducer.swift in Sources */ = {isa = PBXBuildFile; fileRef = C38627B828A2FA0F000E0591 /* HomeReducer.swift */; };
		C3B67C71286A45EF001CB727 /* EnvironmentKeys.swift in Sources */ = {isa = PBXBuildFile; fileRef = C3B67C70286A45EF001CB727 /* EnvironmentKeys.swift */; };
		C3B67C74286A46BE001CB727 /* SupabaseAPI.swift in Sources */ = {isa = PBXBuildFile; fileRef = C3B67C73286A46BE001CB727 /* SupabaseAPI.swift */; };
		C3B67C76286A48C6001CB727 /* AuthSession.swift in Sources */ = {isa = PBXBuildFile; fileRef = C3B67C75286A48C6001CB727 /* AuthSession.swift */; };
		C3B67C79286A49CB001CB727 /* Supabase in Frameworks */ = {isa = PBXBuildFile; productRef = C3B67C78286A49CB001CB727 /* Supabase */; };
		C3B67C7D286A4A45001CB727 /* AppeekError.swift in Sources */ = {isa = PBXBuildFile; fileRef = C3B67C7C286A4A45001CB727 /* AppeekError.swift */; };
		C3B67C8B286B0A64001CB727 /* OnboardingView.swift in Sources */ = {isa = PBXBuildFile; fileRef = C3B67C8A286B0A64001CB727 /* OnboardingView.swift */; };
		C3B67C8D286B0AC7001CB727 /* Color+Extensions.swift in Sources */ = {isa = PBXBuildFile; fileRef = C3B67C8C286B0AC7001CB727 /* Color+Extensions.swift */; };
		C3B67C90286B0B52001CB727 /* AppeekBackgroundView.swift in Sources */ = {isa = PBXBuildFile; fileRef = C3B67C8F286B0B52001CB727 /* AppeekBackgroundView.swift */; };
		C3B67C94286B1304001CB727 /* SignUpView.swift in Sources */ = {isa = PBXBuildFile; fileRef = C3B67C93286B1304001CB727 /* SignUpView.swift */; };
		C3BB857D28986FE700A80DFE /* AppState.swift in Sources */ = {isa = PBXBuildFile; fileRef = C3BB857C28986FE700A80DFE /* AppState.swift */; };
		C3BB857F2898701C00A80DFE /* AppAction.swift in Sources */ = {isa = PBXBuildFile; fileRef = C3BB857E2898701C00A80DFE /* AppAction.swift */; };
		C3BB85812898704300A80DFE /* AppRoute.swift in Sources */ = {isa = PBXBuildFile; fileRef = C3BB85802898704300A80DFE /* AppRoute.swift */; };
		C3BB85832898706E00A80DFE /* AppEnvironment.swift in Sources */ = {isa = PBXBuildFile; fileRef = C3BB85822898706E00A80DFE /* AppEnvironment.swift */; };
		C3BB85852898708F00A80DFE /* AppReducer.swift in Sources */ = {isa = PBXBuildFile; fileRef = C3BB85842898708F00A80DFE /* AppReducer.swift */; };
		C3BB858A2898777900A80DFE /* ForgotPasswordState.swift in Sources */ = {isa = PBXBuildFile; fileRef = C3BB85892898777900A80DFE /* ForgotPasswordState.swift */; };
		C3BB858C289877D300A80DFE /* ForgotPasswordAction.swift in Sources */ = {isa = PBXBuildFile; fileRef = C3BB858B289877D300A80DFE /* ForgotPasswordAction.swift */; };
		C3BB858E2898782C00A80DFE /* ForgotPasswordEnvironment.swift in Sources */ = {isa = PBXBuildFile; fileRef = C3BB858D2898782C00A80DFE /* ForgotPasswordEnvironment.swift */; };
		C3BB85902898785700A80DFE /* ForgotPasswordReducer.swift in Sources */ = {isa = PBXBuildFile; fileRef = C3BB858F2898785700A80DFE /* ForgotPasswordReducer.swift */; };
		C3BDE82128871E0D001E24EB /* ValidationClient.swift in Sources */ = {isa = PBXBuildFile; fileRef = C3BDE82028871E0D001E24EB /* ValidationClient.swift */; };
		C3BDE82D2895C3D0001E24EB /* Route.swift in Sources */ = {isa = PBXBuildFile; fileRef = C3BDE82C2895C3D0001E24EB /* Route.swift */; };
		C3DA524D286DE413009A7809 /* HomeView.swift in Sources */ = {isa = PBXBuildFile; fileRef = C3DA524C286DE413009A7809 /* HomeView.swift */; };
		C3E91CD928A2F0EB0078BBC0 /* ConnorsComponents in Frameworks */ = {isa = PBXBuildFile; productRef = C3E91CD828A2F0EB0078BBC0 /* ConnorsComponents */; };
		C3FBEC38286E008A005DE031 /* ForgotPasswordView.swift in Sources */ = {isa = PBXBuildFile; fileRef = C3FBEC37286E008A005DE031 /* ForgotPasswordView.swift */; };
		C3FBEC3E287071E0005DE031 /* OrganisationsPicker.swift in Sources */ = {isa = PBXBuildFile; fileRef = C3FBEC3D287071E0005DE031 /* OrganisationsPicker.swift */; };
		C3FBEC4328707E23005DE031 /* Organisation.swift in Sources */ = {isa = PBXBuildFile; fileRef = C3FBEC4228707E23005DE031 /* Organisation.swift */; };
		C3FBEC462870828F005DE031 /* Optional+Extensions.swift in Sources */ = {isa = PBXBuildFile; fileRef = C3FBEC452870828F005DE031 /* Optional+Extensions.swift */; };
		C3FBEC482870BC22005DE031 /* Network.swift in Sources */ = {isa = PBXBuildFile; fileRef = C3FBEC472870BC22005DE031 /* Network.swift */; };
		C3FBEC4A2870C044005DE031 /* ServerError.swift in Sources */ = {isa = PBXBuildFile; fileRef = C3FBEC492870C044005DE031 /* ServerError.swift */; };
		C3FBEC4C2870C272005DE031 /* Endpoint.swift in Sources */ = {isa = PBXBuildFile; fileRef = C3FBEC4B2870C272005DE031 /* Endpoint.swift */; };
		C3FBEC4E2870CEE7005DE031 /* RequestBuilder.swift in Sources */ = {isa = PBXBuildFile; fileRef = C3FBEC4D2870CEE7005DE031 /* RequestBuilder.swift */; };
		C3FBEC512870CF01005DE031 /* SupabaseRequest.swift in Sources */ = {isa = PBXBuildFile; fileRef = C3FBEC502870CF01005DE031 /* SupabaseRequest.swift */; };
		C3FBEC552870CF24005DE031 /* URLBuilder.swift in Sources */ = {isa = PBXBuildFile; fileRef = C3FBEC542870CF24005DE031 /* URLBuilder.swift */; };
		C3FBEC572870E99A005DE031 /* JSONSerializer.swift in Sources */ = {isa = PBXBuildFile; fileRef = C3FBEC562870E99A005DE031 /* JSONSerializer.swift */; };
		C3FBEC5B2870F707005DE031 /* UserOrganisationRelation.swift in Sources */ = {isa = PBXBuildFile; fileRef = C3FBEC5A2870F707005DE031 /* UserOrganisationRelation.swift */; };
/* End PBXBuildFile section */

/* Begin PBXContainerItemProxy section */
		C30A38072869CF500003FB4A /* PBXContainerItemProxy */ = {
			isa = PBXContainerItemProxy;
			containerPortal = C30A37EE2869CF4F0003FB4A /* Project object */;
			proxyType = 1;
			remoteGlobalIDString = C30A37F52869CF4F0003FB4A;
			remoteInfo = Appeek;
		};
		C30A38112869CF500003FB4A /* PBXContainerItemProxy */ = {
			isa = PBXContainerItemProxy;
			containerPortal = C30A37EE2869CF4F0003FB4A /* Project object */;
			proxyType = 1;
			remoteGlobalIDString = C30A37F52869CF4F0003FB4A;
			remoteInfo = Appeek;
		};
/* End PBXContainerItemProxy section */

/* Begin PBXFileReference section */
		B318737528B8AD340094770A /* SignUpClient.swift */ = {isa = PBXFileReference; lastKnownFileType = sourcecode.swift; path = SignUpClient.swift; sourceTree = "<group>"; };
		B3E10C2728B1454300E60AA3 /* OrganisationMembersState.swift */ = {isa = PBXFileReference; lastKnownFileType = sourcecode.swift; path = OrganisationMembersState.swift; sourceTree = "<group>"; };
		B3E10C2928B1454F00E60AA3 /* OrganisationMembersAction.swift */ = {isa = PBXFileReference; lastKnownFileType = sourcecode.swift; path = OrganisationMembersAction.swift; sourceTree = "<group>"; };
		B3E10C2B28B1456600E60AA3 /* OrganisationMembersReducer.swift */ = {isa = PBXFileReference; lastKnownFileType = sourcecode.swift; path = OrganisationMembersReducer.swift; sourceTree = "<group>"; };
		B3E10C2D28B1457A00E60AA3 /* OrganisationMembersEnvironment.swift */ = {isa = PBXFileReference; lastKnownFileType = sourcecode.swift; path = OrganisationMembersEnvironment.swift; sourceTree = "<group>"; };
		B3E10C2F28B21BE900E60AA3 /* OrganisationMembersView.swift */ = {isa = PBXFileReference; lastKnownFileType = sourcecode.swift; path = OrganisationMembersView.swift; sourceTree = "<group>"; };
		B3E10C3128B35D5600E60AA3 /* UserPublicDetails.swift */ = {isa = PBXFileReference; lastKnownFileType = sourcecode.swift; path = UserPublicDetails.swift; sourceTree = "<group>"; };
		B3E2974E28C241B900DED656 /* Error+Extensions.swift */ = {isa = PBXFileReference; lastKnownFileType = sourcecode.swift; path = "Error+Extensions.swift"; sourceTree = "<group>"; };
		B3E2975028C36D0D00DED656 /* LoginClient.swift */ = {isa = PBXFileReference; lastKnownFileType = sourcecode.swift; path = LoginClient.swift; sourceTree = "<group>"; };
		B3F8E83928AED2110084CD1B /* SettingsState.swift */ = {isa = PBXFileReference; lastKnownFileType = sourcecode.swift; path = SettingsState.swift; sourceTree = "<group>"; };
		B3F8E83B28AED2180084CD1B /* SettingsAction.swift */ = {isa = PBXFileReference; lastKnownFileType = sourcecode.swift; path = SettingsAction.swift; sourceTree = "<group>"; };
		B3F8E83D28AED2230084CD1B /* SettingsEnvironment.swift */ = {isa = PBXFileReference; lastKnownFileType = sourcecode.swift; path = SettingsEnvironment.swift; sourceTree = "<group>"; };
		B3F8E83F28AED22E0084CD1B /* SettingsReducer.swift */ = {isa = PBXFileReference; lastKnownFileType = sourcecode.swift; path = SettingsReducer.swift; sourceTree = "<group>"; };
		C30A37F62869CF4F0003FB4A /* Appeek.app */ = {isa = PBXFileReference; explicitFileType = wrapper.application; includeInIndex = 0; path = Appeek.app; sourceTree = BUILT_PRODUCTS_DIR; };
		C30A37F92869CF4F0003FB4A /* AppeekApp.swift */ = {isa = PBXFileReference; lastKnownFileType = sourcecode.swift; path = AppeekApp.swift; sourceTree = "<group>"; };
		C30A37FD2869CF500003FB4A /* Assets.xcassets */ = {isa = PBXFileReference; lastKnownFileType = folder.assetcatalog; path = Assets.xcassets; sourceTree = "<group>"; };
		C30A38002869CF500003FB4A /* Preview Assets.xcassets */ = {isa = PBXFileReference; lastKnownFileType = folder.assetcatalog; path = "Preview Assets.xcassets"; sourceTree = "<group>"; };
		C30A38062869CF500003FB4A /* AppeekTests.xctest */ = {isa = PBXFileReference; explicitFileType = wrapper.cfbundle; includeInIndex = 0; path = AppeekTests.xctest; sourceTree = BUILT_PRODUCTS_DIR; };
		C30A380A2869CF500003FB4A /* AppeekTests.swift */ = {isa = PBXFileReference; lastKnownFileType = sourcecode.swift; path = AppeekTests.swift; sourceTree = "<group>"; };
		C30A38102869CF500003FB4A /* AppeekUITests.xctest */ = {isa = PBXFileReference; explicitFileType = wrapper.cfbundle; includeInIndex = 0; path = AppeekUITests.xctest; sourceTree = BUILT_PRODUCTS_DIR; };
		C30A38142869CF500003FB4A /* AppeekUITests.swift */ = {isa = PBXFileReference; lastKnownFileType = sourcecode.swift; path = AppeekUITests.swift; sourceTree = "<group>"; };
		C30A38162869CF500003FB4A /* AppeekUITestsLaunchTests.swift */ = {isa = PBXFileReference; lastKnownFileType = sourcecode.swift; path = AppeekUITestsLaunchTests.swift; sourceTree = "<group>"; };
		C34A51B62873489000B5ECE4 /* AppeekPicker.swift */ = {isa = PBXFileReference; lastKnownFileType = sourcecode.swift; path = AppeekPicker.swift; sourceTree = "<group>"; };
		C34A51B82874B0C900B5ECE4 /* Popup.swift */ = {isa = PBXFileReference; lastKnownFileType = sourcecode.swift; path = Popup.swift; sourceTree = "<group>"; };
		C36DED74286DC6AA0054F1AB /* SettingsView.swift */ = {isa = PBXFileReference; lastKnownFileType = sourcecode.swift; path = SettingsView.swift; sourceTree = "<group>"; };
		C36DED77286DC7B80054F1AB /* SettingsViewModel.swift */ = {isa = PBXFileReference; lastKnownFileType = sourcecode.swift; path = SettingsViewModel.swift; sourceTree = "<group>"; };
		C37E17E6286DD792003689CB /* LoginView.swift */ = {isa = PBXFileReference; lastKnownFileType = sourcecode.swift; path = LoginView.swift; sourceTree = "<group>"; };
		C38627B228A2F9E3000E0591 /* HomeState.swift */ = {isa = PBXFileReference; lastKnownFileType = sourcecode.swift; path = HomeState.swift; sourceTree = "<group>"; };
		C38627B428A2F9F4000E0591 /* HomeAction.swift */ = {isa = PBXFileReference; lastKnownFileType = sourcecode.swift; path = HomeAction.swift; sourceTree = "<group>"; };
		C38627B628A2FA02000E0591 /* HomeEnvironment.swift */ = {isa = PBXFileReference; lastKnownFileType = sourcecode.swift; path = HomeEnvironment.swift; sourceTree = "<group>"; };
		C38627B828A2FA0F000E0591 /* HomeReducer.swift */ = {isa = PBXFileReference; lastKnownFileType = sourcecode.swift; path = HomeReducer.swift; sourceTree = "<group>"; };
		C3B67C70286A45EF001CB727 /* EnvironmentKeys.swift */ = {isa = PBXFileReference; lastKnownFileType = sourcecode.swift; path = EnvironmentKeys.swift; sourceTree = "<group>"; };
		C3B67C73286A46BE001CB727 /* SupabaseAPI.swift */ = {isa = PBXFileReference; lastKnownFileType = sourcecode.swift; path = SupabaseAPI.swift; sourceTree = "<group>"; };
		C3B67C75286A48C6001CB727 /* AuthSession.swift */ = {isa = PBXFileReference; lastKnownFileType = sourcecode.swift; path = AuthSession.swift; sourceTree = "<group>"; };
		C3B67C7C286A4A45001CB727 /* AppeekError.swift */ = {isa = PBXFileReference; lastKnownFileType = sourcecode.swift; path = AppeekError.swift; sourceTree = "<group>"; };
		C3B67C8A286B0A64001CB727 /* OnboardingView.swift */ = {isa = PBXFileReference; lastKnownFileType = sourcecode.swift; path = OnboardingView.swift; sourceTree = "<group>"; };
		C3B67C8C286B0AC7001CB727 /* Color+Extensions.swift */ = {isa = PBXFileReference; lastKnownFileType = sourcecode.swift; path = "Color+Extensions.swift"; sourceTree = "<group>"; };
		C3B67C8F286B0B52001CB727 /* AppeekBackgroundView.swift */ = {isa = PBXFileReference; lastKnownFileType = sourcecode.swift; path = AppeekBackgroundView.swift; sourceTree = "<group>"; };
		C3B67C93286B1304001CB727 /* SignUpView.swift */ = {isa = PBXFileReference; lastKnownFileType = sourcecode.swift; path = SignUpView.swift; sourceTree = "<group>"; };
		C3BB857C28986FE700A80DFE /* AppState.swift */ = {isa = PBXFileReference; lastKnownFileType = sourcecode.swift; path = AppState.swift; sourceTree = "<group>"; };
		C3BB857E2898701C00A80DFE /* AppAction.swift */ = {isa = PBXFileReference; lastKnownFileType = sourcecode.swift; path = AppAction.swift; sourceTree = "<group>"; };
		C3BB85802898704300A80DFE /* AppRoute.swift */ = {isa = PBXFileReference; lastKnownFileType = sourcecode.swift; path = AppRoute.swift; sourceTree = "<group>"; };
		C3BB85822898706E00A80DFE /* AppEnvironment.swift */ = {isa = PBXFileReference; lastKnownFileType = sourcecode.swift; path = AppEnvironment.swift; sourceTree = "<group>"; };
		C3BB85842898708F00A80DFE /* AppReducer.swift */ = {isa = PBXFileReference; lastKnownFileType = sourcecode.swift; path = AppReducer.swift; sourceTree = "<group>"; };
		C3BB85892898777900A80DFE /* ForgotPasswordState.swift */ = {isa = PBXFileReference; lastKnownFileType = sourcecode.swift; path = ForgotPasswordState.swift; sourceTree = "<group>"; };
		C3BB858B289877D300A80DFE /* ForgotPasswordAction.swift */ = {isa = PBXFileReference; lastKnownFileType = sourcecode.swift; path = ForgotPasswordAction.swift; sourceTree = "<group>"; };
		C3BB858D2898782C00A80DFE /* ForgotPasswordEnvironment.swift */ = {isa = PBXFileReference; lastKnownFileType = sourcecode.swift; path = ForgotPasswordEnvironment.swift; sourceTree = "<group>"; };
		C3BB858F2898785700A80DFE /* ForgotPasswordReducer.swift */ = {isa = PBXFileReference; lastKnownFileType = sourcecode.swift; path = ForgotPasswordReducer.swift; sourceTree = "<group>"; };
		C3BDE82028871E0D001E24EB /* ValidationClient.swift */ = {isa = PBXFileReference; lastKnownFileType = sourcecode.swift; path = ValidationClient.swift; sourceTree = "<group>"; };
		C3BDE82C2895C3D0001E24EB /* Route.swift */ = {isa = PBXFileReference; lastKnownFileType = sourcecode.swift; path = Route.swift; sourceTree = "<group>"; };
		C3DA524C286DE413009A7809 /* HomeView.swift */ = {isa = PBXFileReference; lastKnownFileType = sourcecode.swift; path = HomeView.swift; sourceTree = "<group>"; };
		C3FBEC37286E008A005DE031 /* ForgotPasswordView.swift */ = {isa = PBXFileReference; lastKnownFileType = sourcecode.swift; path = ForgotPasswordView.swift; sourceTree = "<group>"; };
		C3FBEC3D287071E0005DE031 /* OrganisationsPicker.swift */ = {isa = PBXFileReference; lastKnownFileType = sourcecode.swift; path = OrganisationsPicker.swift; sourceTree = "<group>"; };
		C3FBEC4228707E23005DE031 /* Organisation.swift */ = {isa = PBXFileReference; lastKnownFileType = sourcecode.swift; path = Organisation.swift; sourceTree = "<group>"; };
		C3FBEC452870828F005DE031 /* Optional+Extensions.swift */ = {isa = PBXFileReference; lastKnownFileType = sourcecode.swift; path = "Optional+Extensions.swift"; sourceTree = "<group>"; };
		C3FBEC472870BC22005DE031 /* Network.swift */ = {isa = PBXFileReference; lastKnownFileType = sourcecode.swift; path = Network.swift; sourceTree = "<group>"; };
		C3FBEC492870C044005DE031 /* ServerError.swift */ = {isa = PBXFileReference; lastKnownFileType = sourcecode.swift; path = ServerError.swift; sourceTree = "<group>"; };
		C3FBEC4B2870C272005DE031 /* Endpoint.swift */ = {isa = PBXFileReference; lastKnownFileType = sourcecode.swift; path = Endpoint.swift; sourceTree = "<group>"; };
		C3FBEC4D2870CEE7005DE031 /* RequestBuilder.swift */ = {isa = PBXFileReference; lastKnownFileType = sourcecode.swift; path = RequestBuilder.swift; sourceTree = "<group>"; };
		C3FBEC502870CF01005DE031 /* SupabaseRequest.swift */ = {isa = PBXFileReference; lastKnownFileType = sourcecode.swift; path = SupabaseRequest.swift; sourceTree = "<group>"; };
		C3FBEC542870CF24005DE031 /* URLBuilder.swift */ = {isa = PBXFileReference; lastKnownFileType = sourcecode.swift; path = URLBuilder.swift; sourceTree = "<group>"; };
		C3FBEC562870E99A005DE031 /* JSONSerializer.swift */ = {isa = PBXFileReference; lastKnownFileType = sourcecode.swift; path = JSONSerializer.swift; sourceTree = "<group>"; };
		C3FBEC5A2870F707005DE031 /* UserOrganisationRelation.swift */ = {isa = PBXFileReference; lastKnownFileType = sourcecode.swift; path = UserOrganisationRelation.swift; sourceTree = "<group>"; };
/* End PBXFileReference section */

/* Begin PBXFrameworksBuildPhase section */
		C30A37F32869CF4F0003FB4A /* Frameworks */ = {
			isa = PBXFrameworksBuildPhase;
			buildActionMask = 2147483647;
			files = (
				B344061628C22DE900D116B2 /* SwiftUINavigation in Frameworks */,
				C3B67C79286A49CB001CB727 /* Supabase in Frameworks */,
				B3E2974D28C23A0400DED656 /* ComposableArchitecture in Frameworks */,
				C3E91CD928A2F0EB0078BBC0 /* ConnorsComponents in Frameworks */,
			);
			runOnlyForDeploymentPostprocessing = 0;
		};
		C30A38032869CF500003FB4A /* Frameworks */ = {
			isa = PBXFrameworksBuildPhase;
			buildActionMask = 2147483647;
			files = (
			);
			runOnlyForDeploymentPostprocessing = 0;
		};
		C30A380D2869CF500003FB4A /* Frameworks */ = {
			isa = PBXFrameworksBuildPhase;
			buildActionMask = 2147483647;
			files = (
			);
			runOnlyForDeploymentPostprocessing = 0;
		};
/* End PBXFrameworksBuildPhase section */

/* Begin PBXGroup section */
		B344061728C2303900D116B2 /* Frameworks */ = {
			isa = PBXGroup;
			children = (
			);
			name = Frameworks;
			sourceTree = "<group>";
		};
		B3E10C2628B1450300E60AA3 /* OrganisationMembers */ = {
			isa = PBXGroup;
			children = (
				B3E10C2F28B21BE900E60AA3 /* OrganisationMembersView.swift */,
				B3E10C2728B1454300E60AA3 /* OrganisationMembersState.swift */,
				B3E10C2928B1454F00E60AA3 /* OrganisationMembersAction.swift */,
				B3E10C2D28B1457A00E60AA3 /* OrganisationMembersEnvironment.swift */,
				B3E10C2B28B1456600E60AA3 /* OrganisationMembersReducer.swift */,
			);
			path = OrganisationMembers;
			sourceTree = "<group>";
		};
		C30A37ED2869CF4F0003FB4A = {
			isa = PBXGroup;
			children = (
				C30A37F82869CF4F0003FB4A /* Appeek */,
				C30A38092869CF500003FB4A /* AppeekTests */,
				C30A38132869CF500003FB4A /* AppeekUITests */,
				C30A37F72869CF4F0003FB4A /* Products */,
				B344061728C2303900D116B2 /* Frameworks */,
			);
			sourceTree = "<group>";
		};
		C30A37F72869CF4F0003FB4A /* Products */ = {
			isa = PBXGroup;
			children = (
				C30A37F62869CF4F0003FB4A /* Appeek.app */,
				C30A38062869CF500003FB4A /* AppeekTests.xctest */,
				C30A38102869CF500003FB4A /* AppeekUITests.xctest */,
			);
			name = Products;
			sourceTree = "<group>";
		};
		C30A37F82869CF4F0003FB4A /* Appeek */ = {
			isa = PBXGroup;
			children = (
				C3BDE81F28871E01001E24EB /* Clients */,
				C3B67C72286A46A6001CB727 /* Constants */,
				C30A382B2869D2470003FB4A /* Sections */,
				C30A38292869D23C0003FB4A /* Resources */,
				C30A38272869D22D0003FB4A /* Extensions */,
				C30A38262869D2290003FB4A /* Models */,
				C30A38252869D2240003FB4A /* Errors */,
				C30A38242869D21D0003FB4A /* Protocols */,
				C30A38232869D2170003FB4A /* Network */,
				C30A37FF2869CF500003FB4A /* Preview Content */,
			);
			path = Appeek;
			sourceTree = "<group>";
		};
		C30A37FF2869CF500003FB4A /* Preview Content */ = {
			isa = PBXGroup;
			children = (
				C30A38002869CF500003FB4A /* Preview Assets.xcassets */,
			);
			path = "Preview Content";
			sourceTree = "<group>";
		};
		C30A38092869CF500003FB4A /* AppeekTests */ = {
			isa = PBXGroup;
			children = (
				C30A380A2869CF500003FB4A /* AppeekTests.swift */,
			);
			path = AppeekTests;
			sourceTree = "<group>";
		};
		C30A38132869CF500003FB4A /* AppeekUITests */ = {
			isa = PBXGroup;
			children = (
				C30A38142869CF500003FB4A /* AppeekUITests.swift */,
				C30A38162869CF500003FB4A /* AppeekUITestsLaunchTests.swift */,
			);
			path = AppeekUITests;
			sourceTree = "<group>";
		};
		C30A38232869D2170003FB4A /* Network */ = {
			isa = PBXGroup;
			children = (
				C3FBEC4F2870CEF8005DE031 /* Requests */,
				C3B67C73286A46BE001CB727 /* SupabaseAPI.swift */,
				C3FBEC472870BC22005DE031 /* Network.swift */,
				C3FBEC4B2870C272005DE031 /* Endpoint.swift */,
				C3FBEC4D2870CEE7005DE031 /* RequestBuilder.swift */,
				C3FBEC542870CF24005DE031 /* URLBuilder.swift */,
				C3FBEC562870E99A005DE031 /* JSONSerializer.swift */,
			);
			path = Network;
			sourceTree = "<group>";
		};
		C30A38242869D21D0003FB4A /* Protocols */ = {
			isa = PBXGroup;
			children = (
			);
			path = Protocols;
			sourceTree = "<group>";
		};
		C30A38252869D2240003FB4A /* Errors */ = {
			isa = PBXGroup;
			children = (
				C3B67C7C286A4A45001CB727 /* AppeekError.swift */,
			);
			path = Errors;
			sourceTree = "<group>";
		};
		C30A38262869D2290003FB4A /* Models */ = {
			isa = PBXGroup;
			children = (
				C3FBEC4428707F1B005DE031 /* Responses */,
				C3B67C75286A48C6001CB727 /* AuthSession.swift */,
				C3FBEC4228707E23005DE031 /* Organisation.swift */,
				B3E10C3128B35D5600E60AA3 /* UserPublicDetails.swift */,
			);
			path = Models;
			sourceTree = "<group>";
		};
		C30A38272869D22D0003FB4A /* Extensions */ = {
			isa = PBXGroup;
			children = (
				C3B67C8C286B0AC7001CB727 /* Color+Extensions.swift */,
				C3FBEC452870828F005DE031 /* Optional+Extensions.swift */,
				B3E2974E28C241B900DED656 /* Error+Extensions.swift */,
			);
			path = Extensions;
			sourceTree = "<group>";
		};
		C30A38292869D23C0003FB4A /* Resources */ = {
			isa = PBXGroup;
			children = (
				C30A37FD2869CF500003FB4A /* Assets.xcassets */,
			);
			path = Resources;
			sourceTree = "<group>";
		};
		C30A382B2869D2470003FB4A /* Sections */ = {
			isa = PBXGroup;
			children = (
				C3FBEC3B287071A4005DE031 /* Organisations */,
				C3DA524A286DE3F8009A7809 /* Home */,
				C36DED72286DC6920054F1AB /* Settings */,
				C3B67C8E286B0B43001CB727 /* Shared */,
				C3B67C91286B12D0001CB727 /* Authentication */,
				C3B67C88286B0A43001CB727 /* Onboarding */,
				C30A382C2869D2680003FB4A /* Root */,
			);
			path = Sections;
			sourceTree = "<group>";
		};
		C30A382C2869D2680003FB4A /* Root */ = {
			isa = PBXGroup;
			children = (
				C30A37F92869CF4F0003FB4A /* AppeekApp.swift */,
				C3BB857C28986FE700A80DFE /* AppState.swift */,
				C3BB857E2898701C00A80DFE /* AppAction.swift */,
				C3BB85802898704300A80DFE /* AppRoute.swift */,
				C3BB85822898706E00A80DFE /* AppEnvironment.swift */,
				C3BB85842898708F00A80DFE /* AppReducer.swift */,
			);
			path = Root;
			sourceTree = "<group>";
		};
		C34A51BA2874B0D200B5ECE4 /* ViewModeifiers */ = {
			isa = PBXGroup;
			children = (
				C34A51B82874B0C900B5ECE4 /* Popup.swift */,
			);
			path = ViewModeifiers;
			sourceTree = "<group>";
		};
		C36DED72286DC6920054F1AB /* Settings */ = {
			isa = PBXGroup;
			children = (
				C36DED76286DC7A90054F1AB /* ViewModels */,
				C36DED74286DC6AA0054F1AB /* SettingsView.swift */,
				B3F8E83928AED2110084CD1B /* SettingsState.swift */,
				B3F8E83B28AED2180084CD1B /* SettingsAction.swift */,
				B3F8E83D28AED2230084CD1B /* SettingsEnvironment.swift */,
				B3F8E83F28AED22E0084CD1B /* SettingsReducer.swift */,
			);
			path = Settings;
			sourceTree = "<group>";
		};
		C36DED76286DC7A90054F1AB /* ViewModels */ = {
			isa = PBXGroup;
			children = (
				C36DED77286DC7B80054F1AB /* SettingsViewModel.swift */,
			);
			path = ViewModels;
			sourceTree = "<group>";
		};
		C3B67C72286A46A6001CB727 /* Constants */ = {
			isa = PBXGroup;
			children = (
				C3B67C70286A45EF001CB727 /* EnvironmentKeys.swift */,
			);
			path = Constants;
			sourceTree = "<group>";
		};
		C3B67C88286B0A43001CB727 /* Onboarding */ = {
			isa = PBXGroup;
			children = (
				C3B67C89286B0A50001CB727 /* Views */,
			);
			path = Onboarding;
			sourceTree = "<group>";
		};
		C3B67C89286B0A50001CB727 /* Views */ = {
			isa = PBXGroup;
			children = (
				C3B67C8A286B0A64001CB727 /* OnboardingView.swift */,
			);
			path = Views;
			sourceTree = "<group>";
		};
		C3B67C8E286B0B43001CB727 /* Shared */ = {
			isa = PBXGroup;
			children = (
				C34A51BA2874B0D200B5ECE4 /* ViewModeifiers */,
				C3B67C8F286B0B52001CB727 /* AppeekBackgroundView.swift */,
				C34A51B62873489000B5ECE4 /* AppeekPicker.swift */,
			);
			path = Shared;
			sourceTree = "<group>";
		};
		C3B67C91286B12D0001CB727 /* Authentication */ = {
			isa = PBXGroup;
			children = (
				C3BB85882898774500A80DFE /* ForgotPassword */,
				C3BB85872898774100A80DFE /* Login */,
				C3BB85862898773800A80DFE /* SignUp */,
			);
			path = Authentication;
			sourceTree = "<group>";
		};
		C3BB85862898773800A80DFE /* SignUp */ = {
			isa = PBXGroup;
			children = (
				C3B67C93286B1304001CB727 /* SignUpView.swift */,
			);
			path = SignUp;
			sourceTree = "<group>";
		};
		C3BB85872898774100A80DFE /* Login */ = {
			isa = PBXGroup;
			children = (
				C37E17E6286DD792003689CB /* LoginView.swift */,
			);
			path = Login;
			sourceTree = "<group>";
		};
		C3BB85882898774500A80DFE /* ForgotPassword */ = {
			isa = PBXGroup;
			children = (
				C3FBEC37286E008A005DE031 /* ForgotPasswordView.swift */,
				C3BB85892898777900A80DFE /* ForgotPasswordState.swift */,
				C3BB858B289877D300A80DFE /* ForgotPasswordAction.swift */,
				C3BB858D2898782C00A80DFE /* ForgotPasswordEnvironment.swift */,
				C3BB858F2898785700A80DFE /* ForgotPasswordReducer.swift */,
			);
			path = ForgotPassword;
			sourceTree = "<group>";
		};
		C3BDE81F28871E01001E24EB /* Clients */ = {
			isa = PBXGroup;
			children = (
				C3BDE82C2895C3D0001E24EB /* Route.swift */,
				C3BDE82028871E0D001E24EB /* ValidationClient.swift */,
				B318737528B8AD340094770A /* SignUpClient.swift */,
				B3E2975028C36D0D00DED656 /* LoginClient.swift */,
			);
			path = Clients;
			sourceTree = "<group>";
		};
		C3DA524A286DE3F8009A7809 /* Home */ = {
			isa = PBXGroup;
			children = (
				C3DA524C286DE413009A7809 /* HomeView.swift */,
				C38627B228A2F9E3000E0591 /* HomeState.swift */,
				C38627B428A2F9F4000E0591 /* HomeAction.swift */,
				C38627B628A2FA02000E0591 /* HomeEnvironment.swift */,
				C38627B828A2FA0F000E0591 /* HomeReducer.swift */,
			);
			path = Home;
			sourceTree = "<group>";
		};
		C3FBEC3B287071A4005DE031 /* Organisations */ = {
			isa = PBXGroup;
			children = (
				B3E10C2628B1450300E60AA3 /* OrganisationMembers */,
				C3FBEC3C287071D5005DE031 /* Views */,
			);
			path = Organisations;
			sourceTree = "<group>";
		};
		C3FBEC3C287071D5005DE031 /* Views */ = {
			isa = PBXGroup;
			children = (
				C3FBEC3D287071E0005DE031 /* OrganisationsPicker.swift */,
			);
			path = Views;
			sourceTree = "<group>";
		};
		C3FBEC4428707F1B005DE031 /* Responses */ = {
			isa = PBXGroup;
			children = (
				C3FBEC492870C044005DE031 /* ServerError.swift */,
				C3FBEC5A2870F707005DE031 /* UserOrganisationRelation.swift */,
			);
			path = Responses;
			sourceTree = "<group>";
		};
		C3FBEC4F2870CEF8005DE031 /* Requests */ = {
			isa = PBXGroup;
			children = (
				C3FBEC502870CF01005DE031 /* SupabaseRequest.swift */,
			);
			path = Requests;
			sourceTree = "<group>";
		};
/* End PBXGroup section */

/* Begin PBXNativeTarget section */
		C30A37F52869CF4F0003FB4A /* Appeek */ = {
			isa = PBXNativeTarget;
			buildConfigurationList = C30A381A2869CF500003FB4A /* Build configuration list for PBXNativeTarget "Appeek" */;
			buildPhases = (
				C30A37F22869CF4F0003FB4A /* Sources */,
				C30A37F32869CF4F0003FB4A /* Frameworks */,
				C30A37F42869CF4F0003FB4A /* Resources */,
			);
			buildRules = (
			);
			dependencies = (
			);
			name = Appeek;
			packageProductDependencies = (
				C3B67C78286A49CB001CB727 /* Supabase */,
				C3E91CD828A2F0EB0078BBC0 /* ConnorsComponents */,
				B344061528C22DE900D116B2 /* SwiftUINavigation */,
				B3E2974C28C23A0400DED656 /* ComposableArchitecture */,
			);
			productName = Appeek;
			productReference = C30A37F62869CF4F0003FB4A /* Appeek.app */;
			productType = "com.apple.product-type.application";
		};
		C30A38052869CF500003FB4A /* AppeekTests */ = {
			isa = PBXNativeTarget;
			buildConfigurationList = C30A381D2869CF500003FB4A /* Build configuration list for PBXNativeTarget "AppeekTests" */;
			buildPhases = (
				C30A38022869CF500003FB4A /* Sources */,
				C30A38032869CF500003FB4A /* Frameworks */,
				C30A38042869CF500003FB4A /* Resources */,
			);
			buildRules = (
			);
			dependencies = (
				C30A38082869CF500003FB4A /* PBXTargetDependency */,
			);
			name = AppeekTests;
			productName = AppeekTests;
			productReference = C30A38062869CF500003FB4A /* AppeekTests.xctest */;
			productType = "com.apple.product-type.bundle.unit-test";
		};
		C30A380F2869CF500003FB4A /* AppeekUITests */ = {
			isa = PBXNativeTarget;
			buildConfigurationList = C30A38202869CF500003FB4A /* Build configuration list for PBXNativeTarget "AppeekUITests" */;
			buildPhases = (
				C30A380C2869CF500003FB4A /* Sources */,
				C30A380D2869CF500003FB4A /* Frameworks */,
				C30A380E2869CF500003FB4A /* Resources */,
			);
			buildRules = (
			);
			dependencies = (
				C30A38122869CF500003FB4A /* PBXTargetDependency */,
			);
			name = AppeekUITests;
			productName = AppeekUITests;
			productReference = C30A38102869CF500003FB4A /* AppeekUITests.xctest */;
			productType = "com.apple.product-type.bundle.ui-testing";
		};
/* End PBXNativeTarget section */

/* Begin PBXProject section */
		C30A37EE2869CF4F0003FB4A /* Project object */ = {
			isa = PBXProject;
			attributes = {
				BuildIndependentTargetsInParallel = 1;
				LastSwiftUpdateCheck = 1400;
				LastUpgradeCheck = 1400;
				TargetAttributes = {
					C30A37F52869CF4F0003FB4A = {
						CreatedOnToolsVersion = 14.0;
					};
					C30A38052869CF500003FB4A = {
						CreatedOnToolsVersion = 14.0;
						TestTargetID = C30A37F52869CF4F0003FB4A;
					};
					C30A380F2869CF500003FB4A = {
						CreatedOnToolsVersion = 14.0;
						TestTargetID = C30A37F52869CF4F0003FB4A;
					};
				};
			};
			buildConfigurationList = C30A37F12869CF4F0003FB4A /* Build configuration list for PBXProject "Appeek" */;
			compatibilityVersion = "Xcode 14.0";
			developmentRegion = en;
			hasScannedForEncodings = 0;
			knownRegions = (
				en,
				Base,
			);
			mainGroup = C30A37ED2869CF4F0003FB4A;
			packageReferences = (
				C3B67C77286A49CB001CB727 /* XCRemoteSwiftPackageReference "supabase-swift" */,
				C3E91CD728A2F0EB0078BBC0 /* XCRemoteSwiftPackageReference "ConnorsComponents" */,
				B344061428C22DE900D116B2 /* XCRemoteSwiftPackageReference "swiftui-navigation" */,
				B3E2974B28C23A0400DED656 /* XCRemoteSwiftPackageReference "swift-composable-architecture" */,
			);
			productRefGroup = C30A37F72869CF4F0003FB4A /* Products */;
			projectDirPath = "";
			projectRoot = "";
			targets = (
				C30A37F52869CF4F0003FB4A /* Appeek */,
				C30A38052869CF500003FB4A /* AppeekTests */,
				C30A380F2869CF500003FB4A /* AppeekUITests */,
			);
		};
/* End PBXProject section */

/* Begin PBXResourcesBuildPhase section */
		C30A37F42869CF4F0003FB4A /* Resources */ = {
			isa = PBXResourcesBuildPhase;
			buildActionMask = 2147483647;
			files = (
				C30A38012869CF500003FB4A /* Preview Assets.xcassets in Resources */,
				C30A37FE2869CF500003FB4A /* Assets.xcassets in Resources */,
			);
			runOnlyForDeploymentPostprocessing = 0;
		};
		C30A38042869CF500003FB4A /* Resources */ = {
			isa = PBXResourcesBuildPhase;
			buildActionMask = 2147483647;
			files = (
			);
			runOnlyForDeploymentPostprocessing = 0;
		};
		C30A380E2869CF500003FB4A /* Resources */ = {
			isa = PBXResourcesBuildPhase;
			buildActionMask = 2147483647;
			files = (
			);
			runOnlyForDeploymentPostprocessing = 0;
		};
/* End PBXResourcesBuildPhase section */

/* Begin PBXSourcesBuildPhase section */
		C30A37F22869CF4F0003FB4A /* Sources */ = {
			isa = PBXSourcesBuildPhase;
			buildActionMask = 2147483647;
			files = (
				C3B67C71286A45EF001CB727 /* EnvironmentKeys.swift in Sources */,
				B3E10C3028B21BE900E60AA3 /* OrganisationMembersView.swift in Sources */,
				B318737628B8AD340094770A /* SignUpClient.swift in Sources */,
				C3BB858A2898777900A80DFE /* ForgotPasswordState.swift in Sources */,
				C3BB85902898785700A80DFE /* ForgotPasswordReducer.swift in Sources */,
				C3FBEC4C2870C272005DE031 /* Endpoint.swift in Sources */,
				C3FBEC38286E008A005DE031 /* ForgotPasswordView.swift in Sources */,
				B3E10C2E28B1457A00E60AA3 /* OrganisationMembersEnvironment.swift in Sources */,
				C3FBEC462870828F005DE031 /* Optional+Extensions.swift in Sources */,
				C3B67C8B286B0A64001CB727 /* OnboardingView.swift in Sources */,
				C38627B928A2FA0F000E0591 /* HomeReducer.swift in Sources */,
				B3E10C3228B35D5600E60AA3 /* UserPublicDetails.swift in Sources */,
				C3B67C76286A48C6001CB727 /* AuthSession.swift in Sources */,
				C3B67C7D286A4A45001CB727 /* AppeekError.swift in Sources */,
				C3FBEC4328707E23005DE031 /* Organisation.swift in Sources */,
				B3E2975128C36D0D00DED656 /* LoginClient.swift in Sources */,
				C3BB85812898704300A80DFE /* AppRoute.swift in Sources */,
				C3FBEC572870E99A005DE031 /* JSONSerializer.swift in Sources */,
				C38627B728A2FA02000E0591 /* HomeEnvironment.swift in Sources */,
				C3BB85832898706E00A80DFE /* AppEnvironment.swift in Sources */,
				C36DED78286DC7B80054F1AB /* SettingsViewModel.swift in Sources */,
				C3BB857F2898701C00A80DFE /* AppAction.swift in Sources */,
				B3F8E83A28AED2110084CD1B /* SettingsState.swift in Sources */,
				C3FBEC552870CF24005DE031 /* URLBuilder.swift in Sources */,
				C3FBEC4A2870C044005DE031 /* ServerError.swift in Sources */,
				C3FBEC4E2870CEE7005DE031 /* RequestBuilder.swift in Sources */,
				C34A51B72873489000B5ECE4 /* AppeekPicker.swift in Sources */,
				C3B67C74286A46BE001CB727 /* SupabaseAPI.swift in Sources */,
				C3BDE82128871E0D001E24EB /* ValidationClient.swift in Sources */,
				B3F8E83E28AED2230084CD1B /* SettingsEnvironment.swift in Sources */,
				B3F8E84028AED22E0084CD1B /* SettingsReducer.swift in Sources */,
				C3FBEC512870CF01005DE031 /* SupabaseRequest.swift in Sources */,
				C3BB857D28986FE700A80DFE /* AppState.swift in Sources */,
				C36DED75286DC6AA0054F1AB /* SettingsView.swift in Sources */,
				C3B67C94286B1304001CB727 /* SignUpView.swift in Sources */,
				C37E17E7286DD792003689CB /* LoginView.swift in Sources */,
				C3FBEC3E287071E0005DE031 /* OrganisationsPicker.swift in Sources */,
				B3E10C2C28B1456600E60AA3 /* OrganisationMembersReducer.swift in Sources */,
				C3FBEC5B2870F707005DE031 /* UserOrganisationRelation.swift in Sources */,
				B3E10C2A28B1454F00E60AA3 /* OrganisationMembersAction.swift in Sources */,
				C3BB858C289877D300A80DFE /* ForgotPasswordAction.swift in Sources */,
				C3BB85852898708F00A80DFE /* AppReducer.swift in Sources */,
				C38627B528A2F9F4000E0591 /* HomeAction.swift in Sources */,
				C3DA524D286DE413009A7809 /* HomeView.swift in Sources */,
				C30A37FA2869CF4F0003FB4A /* AppeekApp.swift in Sources */,
				C34A51B92874B0C900B5ECE4 /* Popup.swift in Sources */,
				C3BDE82D2895C3D0001E24EB /* Route.swift in Sources */,
				B3E10C2828B1454300E60AA3 /* OrganisationMembersState.swift in Sources */,
				C3B67C8D286B0AC7001CB727 /* Color+Extensions.swift in Sources */,
				C3FBEC482870BC22005DE031 /* Network.swift in Sources */,
				C3BB858E2898782C00A80DFE /* ForgotPasswordEnvironment.swift in Sources */,
				B3E2974F28C241B900DED656 /* Error+Extensions.swift in Sources */,
				C38627B328A2F9E3000E0591 /* HomeState.swift in Sources */,
				B3F8E83C28AED2180084CD1B /* SettingsAction.swift in Sources */,
				C3B67C90286B0B52001CB727 /* AppeekBackgroundView.swift in Sources */,
			);
			runOnlyForDeploymentPostprocessing = 0;
		};
		C30A38022869CF500003FB4A /* Sources */ = {
			isa = PBXSourcesBuildPhase;
			buildActionMask = 2147483647;
			files = (
				C30A380B2869CF500003FB4A /* AppeekTests.swift in Sources */,
			);
			runOnlyForDeploymentPostprocessing = 0;
		};
		C30A380C2869CF500003FB4A /* Sources */ = {
			isa = PBXSourcesBuildPhase;
			buildActionMask = 2147483647;
			files = (
				C30A38172869CF500003FB4A /* AppeekUITestsLaunchTests.swift in Sources */,
				C30A38152869CF500003FB4A /* AppeekUITests.swift in Sources */,
			);
			runOnlyForDeploymentPostprocessing = 0;
		};
/* End PBXSourcesBuildPhase section */

/* Begin PBXTargetDependency section */
		C30A38082869CF500003FB4A /* PBXTargetDependency */ = {
			isa = PBXTargetDependency;
			target = C30A37F52869CF4F0003FB4A /* Appeek */;
			targetProxy = C30A38072869CF500003FB4A /* PBXContainerItemProxy */;
		};
		C30A38122869CF500003FB4A /* PBXTargetDependency */ = {
			isa = PBXTargetDependency;
			target = C30A37F52869CF4F0003FB4A /* Appeek */;
			targetProxy = C30A38112869CF500003FB4A /* PBXContainerItemProxy */;
		};
/* End PBXTargetDependency section */

/* Begin XCBuildConfiguration section */
		C30A38182869CF500003FB4A /* Debug */ = {
			isa = XCBuildConfiguration;
			buildSettings = {
				ALWAYS_SEARCH_USER_PATHS = NO;
				CLANG_ANALYZER_NONNULL = YES;
				CLANG_ANALYZER_NUMBER_OBJECT_CONVERSION = YES_AGGRESSIVE;
				CLANG_CXX_LANGUAGE_STANDARD = "gnu++17";
				CLANG_ENABLE_MODULES = YES;
				CLANG_ENABLE_OBJC_ARC = YES;
				CLANG_ENABLE_OBJC_WEAK = YES;
				CLANG_WARN_BLOCK_CAPTURE_AUTORELEASING = YES;
				CLANG_WARN_BOOL_CONVERSION = YES;
				CLANG_WARN_COMMA = YES;
				CLANG_WARN_CONSTANT_CONVERSION = YES;
				CLANG_WARN_DEPRECATED_OBJC_IMPLEMENTATIONS = YES;
				CLANG_WARN_DIRECT_OBJC_ISA_USAGE = YES_ERROR;
				CLANG_WARN_DOCUMENTATION_COMMENTS = YES;
				CLANG_WARN_EMPTY_BODY = YES;
				CLANG_WARN_ENUM_CONVERSION = YES;
				CLANG_WARN_INFINITE_RECURSION = YES;
				CLANG_WARN_INT_CONVERSION = YES;
				CLANG_WARN_NON_LITERAL_NULL_CONVERSION = YES;
				CLANG_WARN_OBJC_IMPLICIT_RETAIN_SELF = YES;
				CLANG_WARN_OBJC_LITERAL_CONVERSION = YES;
				CLANG_WARN_OBJC_ROOT_CLASS = YES_ERROR;
				CLANG_WARN_QUOTED_INCLUDE_IN_FRAMEWORK_HEADER = YES;
				CLANG_WARN_RANGE_LOOP_ANALYSIS = YES;
				CLANG_WARN_STRICT_PROTOTYPES = YES;
				CLANG_WARN_SUSPICIOUS_MOVE = YES;
				CLANG_WARN_UNGUARDED_AVAILABILITY = YES_AGGRESSIVE;
				CLANG_WARN_UNREACHABLE_CODE = YES;
				CLANG_WARN__DUPLICATE_METHOD_MATCH = YES;
				COPY_PHASE_STRIP = NO;
				DEBUG_INFORMATION_FORMAT = dwarf;
				ENABLE_STRICT_OBJC_MSGSEND = YES;
				ENABLE_TESTABILITY = YES;
				GCC_C_LANGUAGE_STANDARD = gnu11;
				GCC_DYNAMIC_NO_PIC = NO;
				GCC_NO_COMMON_BLOCKS = YES;
				GCC_OPTIMIZATION_LEVEL = 0;
				GCC_PREPROCESSOR_DEFINITIONS = (
					"DEBUG=1",
					"$(inherited)",
				);
				GCC_WARN_64_TO_32_BIT_CONVERSION = YES;
				GCC_WARN_ABOUT_RETURN_TYPE = YES_ERROR;
				GCC_WARN_UNDECLARED_SELECTOR = YES;
				GCC_WARN_UNINITIALIZED_AUTOS = YES_AGGRESSIVE;
				GCC_WARN_UNUSED_FUNCTION = YES;
				GCC_WARN_UNUSED_VARIABLE = YES;
				IPHONEOS_DEPLOYMENT_TARGET = 16.0;
				MTL_ENABLE_DEBUG_INFO = INCLUDE_SOURCE;
				MTL_FAST_MATH = YES;
				ONLY_ACTIVE_ARCH = YES;
				SDKROOT = iphoneos;
				SWIFT_ACTIVE_COMPILATION_CONDITIONS = DEBUG;
				SWIFT_OPTIMIZATION_LEVEL = "-Onone";
			};
			name = Debug;
		};
		C30A38192869CF500003FB4A /* Release */ = {
			isa = XCBuildConfiguration;
			buildSettings = {
				ALWAYS_SEARCH_USER_PATHS = NO;
				CLANG_ANALYZER_NONNULL = YES;
				CLANG_ANALYZER_NUMBER_OBJECT_CONVERSION = YES_AGGRESSIVE;
				CLANG_CXX_LANGUAGE_STANDARD = "gnu++17";
				CLANG_ENABLE_MODULES = YES;
				CLANG_ENABLE_OBJC_ARC = YES;
				CLANG_ENABLE_OBJC_WEAK = YES;
				CLANG_WARN_BLOCK_CAPTURE_AUTORELEASING = YES;
				CLANG_WARN_BOOL_CONVERSION = YES;
				CLANG_WARN_COMMA = YES;
				CLANG_WARN_CONSTANT_CONVERSION = YES;
				CLANG_WARN_DEPRECATED_OBJC_IMPLEMENTATIONS = YES;
				CLANG_WARN_DIRECT_OBJC_ISA_USAGE = YES_ERROR;
				CLANG_WARN_DOCUMENTATION_COMMENTS = YES;
				CLANG_WARN_EMPTY_BODY = YES;
				CLANG_WARN_ENUM_CONVERSION = YES;
				CLANG_WARN_INFINITE_RECURSION = YES;
				CLANG_WARN_INT_CONVERSION = YES;
				CLANG_WARN_NON_LITERAL_NULL_CONVERSION = YES;
				CLANG_WARN_OBJC_IMPLICIT_RETAIN_SELF = YES;
				CLANG_WARN_OBJC_LITERAL_CONVERSION = YES;
				CLANG_WARN_OBJC_ROOT_CLASS = YES_ERROR;
				CLANG_WARN_QUOTED_INCLUDE_IN_FRAMEWORK_HEADER = YES;
				CLANG_WARN_RANGE_LOOP_ANALYSIS = YES;
				CLANG_WARN_STRICT_PROTOTYPES = YES;
				CLANG_WARN_SUSPICIOUS_MOVE = YES;
				CLANG_WARN_UNGUARDED_AVAILABILITY = YES_AGGRESSIVE;
				CLANG_WARN_UNREACHABLE_CODE = YES;
				CLANG_WARN__DUPLICATE_METHOD_MATCH = YES;
				COPY_PHASE_STRIP = NO;
				DEBUG_INFORMATION_FORMAT = "dwarf-with-dsym";
				ENABLE_NS_ASSERTIONS = NO;
				ENABLE_STRICT_OBJC_MSGSEND = YES;
				GCC_C_LANGUAGE_STANDARD = gnu11;
				GCC_NO_COMMON_BLOCKS = YES;
				GCC_WARN_64_TO_32_BIT_CONVERSION = YES;
				GCC_WARN_ABOUT_RETURN_TYPE = YES_ERROR;
				GCC_WARN_UNDECLARED_SELECTOR = YES;
				GCC_WARN_UNINITIALIZED_AUTOS = YES_AGGRESSIVE;
				GCC_WARN_UNUSED_FUNCTION = YES;
				GCC_WARN_UNUSED_VARIABLE = YES;
				IPHONEOS_DEPLOYMENT_TARGET = 16.0;
				MTL_ENABLE_DEBUG_INFO = NO;
				MTL_FAST_MATH = YES;
				SDKROOT = iphoneos;
				SWIFT_COMPILATION_MODE = wholemodule;
				SWIFT_OPTIMIZATION_LEVEL = "-O";
				VALIDATE_PRODUCT = YES;
			};
			name = Release;
		};
		C30A381B2869CF500003FB4A /* Debug */ = {
			isa = XCBuildConfiguration;
			buildSettings = {
				ASSETCATALOG_COMPILER_APPICON_NAME = AppIcon;
				ASSETCATALOG_COMPILER_GLOBAL_ACCENT_COLOR_NAME = AccentColor;
				CODE_SIGN_IDENTITY = "Apple Development";
				CODE_SIGN_STYLE = Automatic;
				CURRENT_PROJECT_VERSION = 1;
				DEVELOPMENT_ASSET_PATHS = "\"Appeek/Preview Content\"";
				DEVELOPMENT_TEAM = 2262CQKPZT;
				ENABLE_PREVIEWS = YES;
				GENERATE_INFOPLIST_FILE = YES;
				INFOPLIST_KEY_UIApplicationSceneManifest_Generation = YES;
				INFOPLIST_KEY_UIApplicationSupportsIndirectInputEvents = YES;
				INFOPLIST_KEY_UILaunchScreen_Generation = YES;
				INFOPLIST_KEY_UISupportedInterfaceOrientations_iPad = "UIInterfaceOrientationPortrait UIInterfaceOrientationPortraitUpsideDown UIInterfaceOrientationLandscapeLeft UIInterfaceOrientationLandscapeRight";
				INFOPLIST_KEY_UISupportedInterfaceOrientations_iPhone = "UIInterfaceOrientationPortrait UIInterfaceOrientationLandscapeLeft UIInterfaceOrientationLandscapeRight";
				LD_RUNPATH_SEARCH_PATHS = (
					"$(inherited)",
					"@executable_path/Frameworks",
				);
				MARKETING_VERSION = 1.0;
				PRODUCT_BUNDLE_IDENTIFIER = com.connorblack.Appeek;
				PRODUCT_NAME = "$(TARGET_NAME)";
				PROVISIONING_PROFILE_SPECIFIER = "";
				SWIFT_COMPILATION_MODE = wholemodule;
				SWIFT_EMIT_LOC_STRINGS = YES;
				SWIFT_VERSION = 5.0;
				TARGETED_DEVICE_FAMILY = "1,2";
			};
			name = Debug;
		};
		C30A381C2869CF500003FB4A /* Release */ = {
			isa = XCBuildConfiguration;
			buildSettings = {
				ASSETCATALOG_COMPILER_APPICON_NAME = AppIcon;
				ASSETCATALOG_COMPILER_GLOBAL_ACCENT_COLOR_NAME = AccentColor;
				CODE_SIGN_IDENTITY = "Apple Development";
				CODE_SIGN_STYLE = Automatic;
				CURRENT_PROJECT_VERSION = 1;
				DEVELOPMENT_ASSET_PATHS = "\"Appeek/Preview Content\"";
				DEVELOPMENT_TEAM = 2262CQKPZT;
				ENABLE_PREVIEWS = YES;
				GENERATE_INFOPLIST_FILE = YES;
				INFOPLIST_KEY_UIApplicationSceneManifest_Generation = YES;
				INFOPLIST_KEY_UIApplicationSupportsIndirectInputEvents = YES;
				INFOPLIST_KEY_UILaunchScreen_Generation = YES;
				INFOPLIST_KEY_UISupportedInterfaceOrientations_iPad = "UIInterfaceOrientationPortrait UIInterfaceOrientationPortraitUpsideDown UIInterfaceOrientationLandscapeLeft UIInterfaceOrientationLandscapeRight";
				INFOPLIST_KEY_UISupportedInterfaceOrientations_iPhone = "UIInterfaceOrientationPortrait UIInterfaceOrientationLandscapeLeft UIInterfaceOrientationLandscapeRight";
				LD_RUNPATH_SEARCH_PATHS = (
					"$(inherited)",
					"@executable_path/Frameworks",
				);
				MARKETING_VERSION = 1.0;
				PRODUCT_BUNDLE_IDENTIFIER = com.connorblack.Appeek;
				PRODUCT_NAME = "$(TARGET_NAME)";
				PROVISIONING_PROFILE_SPECIFIER = "";
				SWIFT_EMIT_LOC_STRINGS = YES;
				SWIFT_VERSION = 5.0;
				TARGETED_DEVICE_FAMILY = "1,2";
			};
			name = Release;
		};
		C30A381E2869CF500003FB4A /* Debug */ = {
			isa = XCBuildConfiguration;
			buildSettings = {
				ALWAYS_EMBED_SWIFT_STANDARD_LIBRARIES = YES;
				BUNDLE_LOADER = "$(TEST_HOST)";
				CODE_SIGN_STYLE = Automatic;
				CURRENT_PROJECT_VERSION = 1;
				DEVELOPMENT_TEAM = 2262CQKPZT;
				GENERATE_INFOPLIST_FILE = YES;
				IPHONEOS_DEPLOYMENT_TARGET = 16.0;
				MARKETING_VERSION = 1.0;
				PRODUCT_BUNDLE_IDENTIFIER = com.connorblack.AppeekTests;
				PRODUCT_NAME = "$(TARGET_NAME)";
				SWIFT_EMIT_LOC_STRINGS = NO;
				SWIFT_VERSION = 5.0;
				TARGETED_DEVICE_FAMILY = "1,2";
				TEST_HOST = "$(BUILT_PRODUCTS_DIR)/Appeek.app/$(BUNDLE_EXECUTABLE_FOLDER_PATH)/Appeek";
			};
			name = Debug;
		};
		C30A381F2869CF500003FB4A /* Release */ = {
			isa = XCBuildConfiguration;
			buildSettings = {
				ALWAYS_EMBED_SWIFT_STANDARD_LIBRARIES = YES;
				BUNDLE_LOADER = "$(TEST_HOST)";
				CODE_SIGN_STYLE = Automatic;
				CURRENT_PROJECT_VERSION = 1;
				DEVELOPMENT_TEAM = 2262CQKPZT;
				GENERATE_INFOPLIST_FILE = YES;
				IPHONEOS_DEPLOYMENT_TARGET = 16.0;
				MARKETING_VERSION = 1.0;
				PRODUCT_BUNDLE_IDENTIFIER = com.connorblack.AppeekTests;
				PRODUCT_NAME = "$(TARGET_NAME)";
				SWIFT_EMIT_LOC_STRINGS = NO;
				SWIFT_VERSION = 5.0;
				TARGETED_DEVICE_FAMILY = "1,2";
				TEST_HOST = "$(BUILT_PRODUCTS_DIR)/Appeek.app/$(BUNDLE_EXECUTABLE_FOLDER_PATH)/Appeek";
			};
			name = Release;
		};
		C30A38212869CF500003FB4A /* Debug */ = {
			isa = XCBuildConfiguration;
			buildSettings = {
				ALWAYS_EMBED_SWIFT_STANDARD_LIBRARIES = YES;
				CODE_SIGN_STYLE = Automatic;
				CURRENT_PROJECT_VERSION = 1;
				DEVELOPMENT_TEAM = 2262CQKPZT;
				GENERATE_INFOPLIST_FILE = YES;
				MARKETING_VERSION = 1.0;
				PRODUCT_BUNDLE_IDENTIFIER = com.connorblack.AppeekUITests;
				PRODUCT_NAME = "$(TARGET_NAME)";
				SWIFT_EMIT_LOC_STRINGS = NO;
				SWIFT_VERSION = 5.0;
				TARGETED_DEVICE_FAMILY = "1,2";
				TEST_TARGET_NAME = Appeek;
			};
			name = Debug;
		};
		C30A38222869CF500003FB4A /* Release */ = {
			isa = XCBuildConfiguration;
			buildSettings = {
				ALWAYS_EMBED_SWIFT_STANDARD_LIBRARIES = YES;
				CODE_SIGN_STYLE = Automatic;
				CURRENT_PROJECT_VERSION = 1;
				DEVELOPMENT_TEAM = 2262CQKPZT;
				GENERATE_INFOPLIST_FILE = YES;
				MARKETING_VERSION = 1.0;
				PRODUCT_BUNDLE_IDENTIFIER = com.connorblack.AppeekUITests;
				PRODUCT_NAME = "$(TARGET_NAME)";
				SWIFT_EMIT_LOC_STRINGS = NO;
				SWIFT_VERSION = 5.0;
				TARGETED_DEVICE_FAMILY = "1,2";
				TEST_TARGET_NAME = Appeek;
			};
			name = Release;
		};
/* End XCBuildConfiguration section */

/* Begin XCConfigurationList section */
		C30A37F12869CF4F0003FB4A /* Build configuration list for PBXProject "Appeek" */ = {
			isa = XCConfigurationList;
			buildConfigurations = (
				C30A38182869CF500003FB4A /* Debug */,
				C30A38192869CF500003FB4A /* Release */,
			);
			defaultConfigurationIsVisible = 0;
			defaultConfigurationName = Release;
		};
		C30A381A2869CF500003FB4A /* Build configuration list for PBXNativeTarget "Appeek" */ = {
			isa = XCConfigurationList;
			buildConfigurations = (
				C30A381B2869CF500003FB4A /* Debug */,
				C30A381C2869CF500003FB4A /* Release */,
			);
			defaultConfigurationIsVisible = 0;
			defaultConfigurationName = Release;
		};
		C30A381D2869CF500003FB4A /* Build configuration list for PBXNativeTarget "AppeekTests" */ = {
			isa = XCConfigurationList;
			buildConfigurations = (
				C30A381E2869CF500003FB4A /* Debug */,
				C30A381F2869CF500003FB4A /* Release */,
			);
			defaultConfigurationIsVisible = 0;
			defaultConfigurationName = Release;
		};
		C30A38202869CF500003FB4A /* Build configuration list for PBXNativeTarget "AppeekUITests" */ = {
			isa = XCConfigurationList;
			buildConfigurations = (
				C30A38212869CF500003FB4A /* Debug */,
				C30A38222869CF500003FB4A /* Release */,
			);
			defaultConfigurationIsVisible = 0;
			defaultConfigurationName = Release;
		};
/* End XCConfigurationList section */

/* Begin XCRemoteSwiftPackageReference section */
		B344061428C22DE900D116B2 /* XCRemoteSwiftPackageReference "swiftui-navigation" */ = {
			isa = XCRemoteSwiftPackageReference;
			repositoryURL = "https://github.com/pointfreeco/swiftui-navigation.git";
			requirement = {
				kind = upToNextMinorVersion;
				minimumVersion = 0.2.0;
			};
		};
		B3E2974B28C23A0400DED656 /* XCRemoteSwiftPackageReference "swift-composable-architecture" */ = {
			isa = XCRemoteSwiftPackageReference;
			repositoryURL = "https://github.com/pointfreeco/swift-composable-architecture.git";
			requirement = {
				branch = main;
				kind = branch;
			};
		};
		C3B67C77286A49CB001CB727 /* XCRemoteSwiftPackageReference "supabase-swift" */ = {
			isa = XCRemoteSwiftPackageReference;
			repositoryURL = "https://github.com/supabase-community/supabase-swift.git";
			requirement = {
				kind = exactVersion;
				version = 0.0.5;
			};
		};
		C3E91CD728A2F0EB0078BBC0 /* XCRemoteSwiftPackageReference "ConnorsComponents" */ = {
			isa = XCRemoteSwiftPackageReference;
			repositoryURL = "git@github.com:connorb645/ConnorsComponents.git";
			requirement = {
				branch = main;
				kind = branch;
			};
		};
/* End XCRemoteSwiftPackageReference section */

/* Begin XCSwiftPackageProductDependency section */
		B344061528C22DE900D116B2 /* SwiftUINavigation */ = {
			isa = XCSwiftPackageProductDependency;
			package = B344061428C22DE900D116B2 /* XCRemoteSwiftPackageReference "swiftui-navigation" */;
			productName = SwiftUINavigation;
		};
		B3E2974C28C23A0400DED656 /* ComposableArchitecture */ = {
			isa = XCSwiftPackageProductDependency;
			package = B3E2974B28C23A0400DED656 /* XCRemoteSwiftPackageReference "swift-composable-architecture" */;
			productName = ComposableArchitecture;
		};
		C3B67C78286A49CB001CB727 /* Supabase */ = {
			isa = XCSwiftPackageProductDependency;
			package = C3B67C77286A49CB001CB727 /* XCRemoteSwiftPackageReference "supabase-swift" */;
			productName = Supabase;
		};
		C3E91CD828A2F0EB0078BBC0 /* ConnorsComponents */ = {
			isa = XCSwiftPackageProductDependency;
			package = C3E91CD728A2F0EB0078BBC0 /* XCRemoteSwiftPackageReference "ConnorsComponents" */;
			productName = ConnorsComponents;
		};
/* End XCSwiftPackageProductDependency section */
	};
	rootObject = C30A37EE2869CF4F0003FB4A /* Project object */;
}
